dependencies:
- name: postgresql
  repository: oci://registry-1.docker.io/bitnamicharts
  version: 15.5.36
- name: redis
  repository: oci://registry-1.docker.io/bitnamicharts
  version: 20.3.0
digest: sha256:53a00daadef81c5c759b7cb302b9f290401739564d5a8586ba2f472161e25a64
generated: "2025-05-26T18:48:06.815633-04:00"
